
Microsoft Visual Studio Solution File, Format Version 12.00
# Visual Studio 14
VisualStudioVersion = 14.0.25420.1
MinimumVisualStudioVersion = 10.0.40219.1
Project("{FAE04EC0-301F-11D3-BF4B-00C04F79EFBC}") = "ConsoleApp", "ConsoleApp\ConsoleApp.csproj", "{4E147D9F-120F-4BFB-988A-B5232DC29096}"
EndProject
Project("{FAE04EC0-301F-11D3-BF4B-00C04F79EFBC}") = "WindowsFormsApplication1", "WindowsFormsApplication1\WindowsFormsApplication1.csproj", "{704CCAEC-21EF-48E0-8F51-B4368E36DEDE}"
EndProject
Project("{FAE04EC0-301F-11D3-BF4B-00C04F79EFBC}") = "DotCalculator", "DotCalculator\DotCalculator.csproj", "{48CEA1F0-B329-4562-9961-0C0F5D0A8F79}"
EndProject
Global
	GlobalSection(SolutionConfigurationPlatforms) = preSolution
		Debug|Any CPU = Debug|Any CPU
		Release|Any CPU = Release|Any CPU
	EndGlobalSection
	GlobalSection(ProjectConfigurationPlatforms) = postSolution
		{4E147D9F-120F-4BFB-988A-B5232DC29096}.Debug|Any CPU.ActiveCfg = Debug|Any CPU
		{4E147D9F-120F-4BFB-988A-B5232DC29096}.Debug|Any CPU.Build.0 = Debug|Any CPU
		{4E147D9F-120F-4BFB-988A-B5232DC29096}.Release|Any CPU.ActiveCfg = Release|Any CPU
		{4E147D9F-120F-4BFB-988A-B5232DC29096}.Release|Any CPU.Build.0 = Release|Any CPU
		{704CCAEC-21EF-48E0-8F51-B4368E36DEDE}.Debug|Any CPU.ActiveCfg = Debug|Any CPU
		{704CCAEC-21EF-48E0-8F51-B4368E36DEDE}.Debug|Any CPU.Build.0 = Debug|Any CPU
		{704CCAEC-21EF-48E0-8F51-B4368E36DEDE}.Release|Any CPU.ActiveCfg = Release|Any CPU
		{704CCAEC-21EF-48E0-8F51-B4368E36DEDE}.Release|Any CPU.Build.0 = Release|Any CPU
		{48CEA1F0-B329-4562-9961-0C0F5D0A8F79}.Debug|Any CPU.ActiveCfg = Debug|Any CPU
		{48CEA1F0-B329-4562-9961-0C0F5D0A8F79}.Debug|Any CPU.Build.0 = Debug|Any CPU
		{48CEA1F0-B329-4562-9961-0C0F5D0A8F79}.Release|Any CPU.ActiveCfg = Release|Any CPU
		{48CEA1F0-B329-4562-9961-0C0F5D0A8F79}.Release|Any CPU.Build.0 = Release|Any CPU
	EndGlobalSection
	GlobalSection(SolutionProperties) = preSolution
		HideSolutionNode = FALSE
	EndGlobalSection
EndGlobal
